# THIS IS AN AUTOGENERATED FILE. DO NOT EDIT THIS FILE DIRECTLY.
# yarn lockfile v1


remarkable-react@^1.4.3:
  version "1.4.3"
  resolved "https://registry.yarnpkg.com/remarkable-react/-/remarkable-react-1.4.3.tgz#dca1a2add6ecc6f9111cfdee80f6ef0c3044b04a"
  integrity sha512-CFxh/VKM/a5SWHu9woY+wK5Y1KrFqMep0s8LS3Wuc2fDMS+eA0T3Y75fZXtKawwCLtT4+tR4ileBm2a7KnTaGQ==
